
Microsoft Visual Studio Solution File, Format Version 12.00
# Visual Studio Version 16
VisualStudioVersion = 16.0.30225.117
MinimumVisualStudioVersion = 10.0.40219.1
Project("{9A19103F-16F7-4668-BE54-9A1E7A4F7556}") = "CIS174_TestCoreApp", "CIS174_TestCoreApp\CIS174_TestCoreApp.csproj", "{EC3CE428-EFDB-4D85-B82C-CF63260D3359}"
EndProject
Project("{FAE04EC0-301F-11D3-BF4B-00C04F79EFBC}") = "TicketingUnitTests", "TicketingUnitTests\TicketingUnitTests.csproj", "{B07BB5B3-9261-4652-BF2D-AD3C9118A008}"
EndProject
Global
	GlobalSection(SolutionConfigurationPlatforms) = preSolution
		Debug|Any CPU = Debug|Any CPU
		Release|Any CPU = Release|Any CPU
	EndGlobalSection
	GlobalSection(ProjectConfigurationPlatforms) = postSolution
		{EC3CE428-EFDB-4D85-B82C-CF63260D3359}.Debug|Any CPU.ActiveCfg = Debug|Any CPU
		{EC3CE428-EFDB-4D85-B82C-CF63260D3359}.Debug|Any CPU.Build.0 = Debug|Any CPU
		{EC3CE428-EFDB-4D85-B82C-CF63260D3359}.Release|Any CPU.ActiveCfg = Release|Any CPU
		{EC3CE428-EFDB-4D85-B82C-CF63260D3359}.Release|Any CPU.Build.0 = Release|Any CPU
		{B07BB5B3-9261-4652-BF2D-AD3C9118A008}.Debug|Any CPU.ActiveCfg = Debug|Any CPU
		{B07BB5B3-9261-4652-BF2D-AD3C9118A008}.Debug|Any CPU.Build.0 = Debug|Any CPU
		{B07BB5B3-9261-4652-BF2D-AD3C9118A008}.Release|Any CPU.ActiveCfg = Release|Any CPU
		{B07BB5B3-9261-4652-BF2D-AD3C9118A008}.Release|Any CPU.Build.0 = Release|Any CPU
	EndGlobalSection
	GlobalSection(SolutionProperties) = preSolution
		HideSolutionNode = FALSE
	EndGlobalSection
	GlobalSection(ExtensibilityGlobals) = postSolution
		SolutionGuid = {320CA5DE-5A70-4F28-B46F-94598BFEE496}
	EndGlobalSection
EndGlobal
